
Microsoft Visual Studio Solution File, Format Version 12.00
# Visual Studio Version 17
VisualStudioVersion = 17.4.33403.182
MinimumVisualStudioVersion = 10.0.40219.1
Project("{FAE04EC0-301F-11D3-BF4B-00C04F79EFBC}") = "Sales.Shared", "Sales.Shared\Sales.Shared.csproj", "{5531415E-E275-4CA6-9259-BFC5DB4C7EC9}"
EndProject
Project("{FAE04EC0-301F-11D3-BF4B-00C04F79EFBC}") = "Sales.API", "Sales.API\Sales.API.csproj", "{89B97F7F-A10A-4004-ABCE-1BE0D84F8846}"
EndProject
Project("{FAE04EC0-301F-11D3-BF4B-00C04F79EFBC}") = "Sales.WEB", "Sales.WEB\Sales.WEB.csproj", "{0CB42201-A9D9-4521-A4CC-0254DD668B36}"
EndProject
Project("{FAE04EC0-301F-11D3-BF4B-00C04F79EFBC}") = "Sales.Mobile", "Sales.Mobile\Sales.Mobile.csproj", "{248BC334-06CB-4E54-BEC7-574E264ABD06}"
EndProject
Global
	GlobalSection(SolutionConfigurationPlatforms) = preSolution
		Debug|Any CPU = Debug|Any CPU
		Release|Any CPU = Release|Any CPU
	EndGlobalSection
	GlobalSection(ProjectConfigurationPlatforms) = postSolution
		{5531415E-E275-4CA6-9259-BFC5DB4C7EC9}.Debug|Any CPU.ActiveCfg = Debug|Any CPU
		{5531415E-E275-4CA6-9259-BFC5DB4C7EC9}.Debug|Any CPU.Build.0 = Debug|Any CPU
		{5531415E-E275-4CA6-9259-BFC5DB4C7EC9}.Release|Any CPU.ActiveCfg = Release|Any CPU
		{5531415E-E275-4CA6-9259-BFC5DB4C7EC9}.Release|Any CPU.Build.0 = Release|Any CPU
		{89B97F7F-A10A-4004-ABCE-1BE0D84F8846}.Debug|Any CPU.ActiveCfg = Debug|Any CPU
		{89B97F7F-A10A-4004-ABCE-1BE0D84F8846}.Debug|Any CPU.Build.0 = Debug|Any CPU
		{89B97F7F-A10A-4004-ABCE-1BE0D84F8846}.Release|Any CPU.ActiveCfg = Release|Any CPU
		{89B97F7F-A10A-4004-ABCE-1BE0D84F8846}.Release|Any CPU.Build.0 = Release|Any CPU
		{0CB42201-A9D9-4521-A4CC-0254DD668B36}.Debug|Any CPU.ActiveCfg = Debug|Any CPU
		{0CB42201-A9D9-4521-A4CC-0254DD668B36}.Debug|Any CPU.Build.0 = Debug|Any CPU
		{0CB42201-A9D9-4521-A4CC-0254DD668B36}.Release|Any CPU.ActiveCfg = Release|Any CPU
		{0CB42201-A9D9-4521-A4CC-0254DD668B36}.Release|Any CPU.Build.0 = Release|Any CPU
		{248BC334-06CB-4E54-BEC7-574E264ABD06}.Debug|Any CPU.ActiveCfg = Debug|Any CPU
		{248BC334-06CB-4E54-BEC7-574E264ABD06}.Debug|Any CPU.Build.0 = Debug|Any CPU
		{248BC334-06CB-4E54-BEC7-574E264ABD06}.Debug|Any CPU.Deploy.0 = Debug|Any CPU
		{248BC334-06CB-4E54-BEC7-574E264ABD06}.Release|Any CPU.ActiveCfg = Release|Any CPU
		{248BC334-06CB-4E54-BEC7-574E264ABD06}.Release|Any CPU.Build.0 = Release|Any CPU
		{248BC334-06CB-4E54-BEC7-574E264ABD06}.Release|Any CPU.Deploy.0 = Release|Any CPU
	EndGlobalSection
	GlobalSection(SolutionProperties) = preSolution
		HideSolutionNode = FALSE
	EndGlobalSection
	GlobalSection(ExtensibilityGlobals) = postSolution
		SolutionGuid = {17298489-54E0-49E5-8EFB-493B13E4A417}
	EndGlobalSection
EndGlobal
